// !$*UTF8*$!
{
	archiveVersion = 1;
	classes = {
	};
	objectVersion = 50;
	objects = {

/* Begin PBXBuildFile section */
		99046887231E938B00022D25 /* URLSessionFake.swift in Sources */ = {isa = PBXBuildFile; fileRef = 99046886231E938B00022D25 /* URLSessionFake.swift */; };
		99046889231E939900022D25 /* FakeResponseData.swift in Sources */ = {isa = PBXBuildFile; fileRef = 99046888231E939900022D25 /* FakeResponseData.swift */; };
		9904688B231E952300022D25 /* QuoteAPI.swift in Sources */ = {isa = PBXBuildFile; fileRef = 9904688A231E952300022D25 /* QuoteAPI.swift */; };
		9904688D231E9B1F00022D25 /* Quote.json in Resources */ = {isa = PBXBuildFile; fileRef = 9904688C231E9B1F00022D25 /* Quote.json */; };
		9904688F231EAF2800022D25 /* QuoteViewModel.swift in Sources */ = {isa = PBXBuildFile; fileRef = 9904688E231EAF2800022D25 /* QuoteViewModel.swift */; };
		994A46E623196C3600EAA768 /* AppDelegate.swift in Sources */ = {isa = PBXBuildFile; fileRef = 994A46E523196C3600EAA768 /* AppDelegate.swift */; };
		994A46E823196C3600EAA768 /* ViewController.swift in Sources */ = {isa = PBXBuildFile; fileRef = 994A46E723196C3600EAA768 /* ViewController.swift */; };
		994A46EB23196C3600EAA768 /* Main.storyboard in Resources */ = {isa = PBXBuildFile; fileRef = 994A46E923196C3600EAA768 /* Main.storyboard */; };
		994A46ED23196C3700EAA768 /* Assets.xcassets in Resources */ = {isa = PBXBuildFile; fileRef = 994A46EC23196C3700EAA768 /* Assets.xcassets */; };
		994A46F023196C3700EAA768 /* LaunchScreen.storyboard in Resources */ = {isa = PBXBuildFile; fileRef = 994A46EE23196C3700EAA768 /* LaunchScreen.storyboard */; };
		994A46FB23196C3700EAA768 /* AppToTddTests.swift in Sources */ = {isa = PBXBuildFile; fileRef = 994A46FA23196C3700EAA768 /* AppToTddTests.swift */; };
		994A470D23196E2700EAA768 /* QuoteService.swift in Sources */ = {isa = PBXBuildFile; fileRef = 994A470C23196E2700EAA768 /* QuoteService.swift */; };
/* End PBXBuildFile section */

/* Begin PBXContainerItemProxy section */
		994A46F723196C3700EAA768 /* PBXContainerItemProxy */ = {
			isa = PBXContainerItemProxy;
			containerPortal = 994A46DA23196C3600EAA768 /* Project object */;
			proxyType = 1;
			remoteGlobalIDString = 994A46E123196C3600EAA768;
			remoteInfo = AppToTdd;
		};
/* End PBXContainerItemProxy section */

/* Begin PBXFileReference section */
		99046886231E938B00022D25 /* URLSessionFake.swift */ = {isa = PBXFileReference; lastKnownFileType = sourcecode.swift; path = URLSessionFake.swift; sourceTree = "<group>"; };
		99046888231E939900022D25 /* FakeResponseData.swift */ = {isa = PBXFileReference; lastKnownFileType = sourcecode.swift; path = FakeResponseData.swift; sourceTree = "<group>"; };
		9904688A231E952300022D25 /* QuoteAPI.swift */ = {isa = PBXFileReference; lastKnownFileType = sourcecode.swift; path = QuoteAPI.swift; sourceTree = "<group>"; };
		9904688C231E9B1F00022D25 /* Quote.json */ = {isa = PBXFileReference; lastKnownFileType = text.json; path = Quote.json; sourceTree = "<group>"; };
		9904688E231EAF2800022D25 /* QuoteViewModel.swift */ = {isa = PBXFileReference; lastKnownFileType = sourcecode.swift; path = QuoteViewModel.swift; sourceTree = "<group>"; };
		994A46E223196C3600EAA768 /* AppToTdd.app */ = {isa = PBXFileReference; explicitFileType = wrapper.application; includeInIndex = 0; path = AppToTdd.app; sourceTree = BUILT_PRODUCTS_DIR; };
		994A46E523196C3600EAA768 /* AppDelegate.swift */ = {isa = PBXFileReference; lastKnownFileType = sourcecode.swift; path = AppDelegate.swift; sourceTree = "<group>"; };
		994A46E723196C3600EAA768 /* ViewController.swift */ = {isa = PBXFileReference; lastKnownFileType = sourcecode.swift; path = ViewController.swift; sourceTree = "<group>"; };
		994A46EA23196C3600EAA768 /* Base */ = {isa = PBXFileReference; lastKnownFileType = file.storyboard; name = Base; path = Base.lproj/Main.storyboard; sourceTree = "<group>"; };
		994A46EC23196C3700EAA768 /* Assets.xcassets */ = {isa = PBXFileReference; lastKnownFileType = folder.assetcatalog; path = Assets.xcassets; sourceTree = "<group>"; };
		994A46EF23196C3700EAA768 /* Base */ = {isa = PBXFileReference; lastKnownFileType = file.storyboard; name = Base; path = Base.lproj/LaunchScreen.storyboard; sourceTree = "<group>"; };
		994A46F123196C3700EAA768 /* Info.plist */ = {isa = PBXFileReference; lastKnownFileType = text.plist.xml; path = Info.plist; sourceTree = "<group>"; };
		994A46F623196C3700EAA768 /* AppToTddTests.xctest */ = {isa = PBXFileReference; explicitFileType = wrapper.cfbundle; includeInIndex = 0; path = AppToTddTests.xctest; sourceTree = BUILT_PRODUCTS_DIR; };
		994A46FA23196C3700EAA768 /* AppToTddTests.swift */ = {isa = PBXFileReference; lastKnownFileType = sourcecode.swift; path = AppToTddTests.swift; sourceTree = "<group>"; };
		994A46FC23196C3700EAA768 /* Info.plist */ = {isa = PBXFileReference; lastKnownFileType = text.plist.xml; path = Info.plist; sourceTree = "<group>"; };
		994A470C23196E2700EAA768 /* QuoteService.swift */ = {isa = PBXFileReference; lastKnownFileType = sourcecode.swift; path = QuoteService.swift; sourceTree = "<group>"; };
/* End PBXFileReference section */

/* Begin PBXFrameworksBuildPhase section */
		994A46DF23196C3600EAA768 /* Frameworks */ = {
			isa = PBXFrameworksBuildPhase;
			buildActionMask = 2147483647;
			files = (
			);
			runOnlyForDeploymentPostprocessing = 0;
		};
		994A46F323196C3700EAA768 /* Frameworks */ = {
			isa = PBXFrameworksBuildPhase;
			buildActionMask = 2147483647;
			files = (
			);
			runOnlyForDeploymentPostprocessing = 0;
		};
/* End PBXFrameworksBuildPhase section */

/* Begin PBXGroup section */
		994A46D923196C3600EAA768 = {
			isa = PBXGroup;
			children = (
				994A46E423196C3600EAA768 /* AppToTdd */,
				994A46F923196C3700EAA768 /* AppToTddTests */,
				994A46E323196C3600EAA768 /* Products */,
			);
			sourceTree = "<group>";
		};
		994A46E323196C3600EAA768 /* Products */ = {
			isa = PBXGroup;
			children = (
				994A46E223196C3600EAA768 /* AppToTdd.app */,
				994A46F623196C3700EAA768 /* AppToTddTests.xctest */,
			);
			name = Products;
			sourceTree = "<group>";
		};
		994A46E423196C3600EAA768 /* AppToTdd */ = {
			isa = PBXGroup;
			children = (
				994A470923196C6500EAA768 /* Supporting Files */,
				994A470823196C5E00EAA768 /* Models */,
				994A470723196C5900EAA768 /* ViewModels */,
				994A470623196C5100EAA768 /* Views */,
				994A470523196C4300EAA768 /* Controllers */,
				994A46E723196C3600EAA768 /* ViewController.swift */,
			);
			path = AppToTdd;
			sourceTree = "<group>";
		};
		994A46F923196C3700EAA768 /* AppToTddTests */ = {
			isa = PBXGroup;
			children = (
				994A46FA23196C3700EAA768 /* AppToTddTests.swift */,
				994A46FC23196C3700EAA768 /* Info.plist */,
				99046886231E938B00022D25 /* URLSessionFake.swift */,
				99046888231E939900022D25 /* FakeResponseData.swift */,
				9904688C231E9B1F00022D25 /* Quote.json */,
			);
			path = AppToTddTests;
			sourceTree = "<group>";
		};
		994A470523196C4300EAA768 /* Controllers */ = {
			isa = PBXGroup;
			children = (
			);
			path = Controllers;
			sourceTree = "<group>";
		};
		994A470623196C5100EAA768 /* Views */ = {
			isa = PBXGroup;
			children = (
				994A46EC23196C3700EAA768 /* Assets.xcassets */,
				994A46EE23196C3700EAA768 /* LaunchScreen.storyboard */,
				994A46E923196C3600EAA768 /* Main.storyboard */,
			);
			path = Views;
			sourceTree = "<group>";
		};
		994A470723196C5900EAA768 /* ViewModels */ = {
			isa = PBXGroup;
			children = (
				9904688E231EAF2800022D25 /* QuoteViewModel.swift */,
			);
			path = ViewModels;
			sourceTree = "<group>";
		};
		994A470823196C5E00EAA768 /* Models */ = {
			isa = PBXGroup;
			children = (
				994A470C23196E2700EAA768 /* QuoteService.swift */,
				9904688A231E952300022D25 /* QuoteAPI.swift */,
			);
			path = Models;
			sourceTree = "<group>";
		};
		994A470923196C6500EAA768 /* Supporting Files */ = {
			isa = PBXGroup;
			children = (
				994A46E523196C3600EAA768 /* AppDelegate.swift */,
				994A46F123196C3700EAA768 /* Info.plist */,
			);
			path = "Supporting Files";
			sourceTree = "<group>";
		};
/* End PBXGroup section */

/* Begin PBXNativeTarget section */
		994A46E123196C3600EAA768 /* AppToTdd */ = {
			isa = PBXNativeTarget;
			buildConfigurationList = 994A46FF23196C3700EAA768 /* Build configuration list for PBXNativeTarget "AppToTdd" */;
			buildPhases = (
				994A46DE23196C3600EAA768 /* Sources */,
				994A46DF23196C3600EAA768 /* Frameworks */,
				994A46E023196C3600EAA768 /* Resources */,
			);
			buildRules = (
			);
			dependencies = (
			);
			name = AppToTdd;
			productName = AppToTdd;
			productReference = 994A46E223196C3600EAA768 /* AppToTdd.app */;
			productType = "com.apple.product-type.application";
		};
		994A46F523196C3700EAA768 /* AppToTddTests */ = {
			isa = PBXNativeTarget;
			buildConfigurationList = 994A470223196C3700EAA768 /* Build configuration list for PBXNativeTarget "AppToTddTests" */;
			buildPhases = (
				994A46F223196C3700EAA768 /* Sources */,
				994A46F323196C3700EAA768 /* Frameworks */,
				994A46F423196C3700EAA768 /* Resources */,
			);
			buildRules = (
			);
			dependencies = (
				994A46F823196C3700EAA768 /* PBXTargetDependency */,
			);
			name = AppToTddTests;
			productName = AppToTddTests;
			productReference = 994A46F623196C3700EAA768 /* AppToTddTests.xctest */;
			productType = "com.apple.product-type.bundle.unit-test";
		};
/* End PBXNativeTarget section */

/* Begin PBXProject section */
		994A46DA23196C3600EAA768 /* Project object */ = {
			isa = PBXProject;
			attributes = {
				LastSwiftUpdateCheck = 1030;
				LastUpgradeCheck = 1030;
				ORGANIZATIONNAME = "Amg-Gauthier";
				TargetAttributes = {
					994A46E123196C3600EAA768 = {
						CreatedOnToolsVersion = 10.3;
					};
					994A46F523196C3700EAA768 = {
						CreatedOnToolsVersion = 10.3;
						TestTargetID = 994A46E123196C3600EAA768;
					};
				};
			};
			buildConfigurationList = 994A46DD23196C3600EAA768 /* Build configuration list for PBXProject "AppToTdd" */;
			compatibilityVersion = "Xcode 9.3";
			developmentRegion = en;
			hasScannedForEncodings = 0;
			knownRegions = (
				en,
				Base,
			);
			mainGroup = 994A46D923196C3600EAA768;
			productRefGroup = 994A46E323196C3600EAA768 /* Products */;
			projectDirPath = "";
			projectRoot = "";
			targets = (
				994A46E123196C3600EAA768 /* AppToTdd */,
				994A46F523196C3700EAA768 /* AppToTddTests */,
			);
		};
/* End PBXProject section */

/* Begin PBXResourcesBuildPhase section */
		994A46E023196C3600EAA768 /* Resources */ = {
			isa = PBXResourcesBuildPhase;
			buildActionMask = 2147483647;
			files = (
				994A46F023196C3700EAA768 /* LaunchScreen.storyboard in Resources */,
				994A46ED23196C3700EAA768 /* Assets.xcassets in Resources */,
				994A46EB23196C3600EAA768 /* Main.storyboard in Resources */,
			);
			runOnlyForDeploymentPostprocessing = 0;
		};
		994A46F423196C3700EAA768 /* Resources */ = {
			isa = PBXResourcesBuildPhase;
			buildActionMask = 2147483647;
			files = (
				9904688D231E9B1F00022D25 /* Quote.json in Resources */,
			);
			runOnlyForDeploymentPostprocessing = 0;
		};
/* End PBXResourcesBuildPhase section */

/* Begin PBXSourcesBuildPhase section */
		994A46DE23196C3600EAA768 /* Sources */ = {
			isa = PBXSourcesBuildPhase;
			buildActionMask = 2147483647;
			files = (
				994A46E823196C3600EAA768 /* ViewController.swift in Sources */,
				9904688F231EAF2800022D25 /* QuoteViewModel.swift in Sources */,
				9904688B231E952300022D25 /* QuoteAPI.swift in Sources */,
				994A470D23196E2700EAA768 /* QuoteService.swift in Sources */,
				994A46E623196C3600EAA768 /* AppDelegate.swift in Sources */,
			);
			runOnlyForDeploymentPostprocessing = 0;
		};
		994A46F223196C3700EAA768 /* Sources */ = {
			isa = PBXSourcesBuildPhase;
			buildActionMask = 2147483647;
			files = (
				994A46FB23196C3700EAA768 /* AppToTddTests.swift in Sources */,
				99046887231E938B00022D25 /* URLSessionFake.swift in Sources */,
				99046889231E939900022D25 /* FakeResponseData.swift in Sources */,
			);
			runOnlyForDeploymentPostprocessing = 0;
		};
/* End PBXSourcesBuildPhase section */

/* Begin PBXTargetDependency section */
		994A46F823196C3700EAA768 /* PBXTargetDependency */ = {
			isa = PBXTargetDependency;
			target = 994A46E123196C3600EAA768 /* AppToTdd */;
			targetProxy = 994A46F723196C3700EAA768 /* PBXContainerItemProxy */;
		};
/* End PBXTargetDependency section */

/* Begin PBXVariantGroup section */
		994A46E923196C3600EAA768 /* Main.storyboard */ = {
			isa = PBXVariantGroup;
			children = (
				994A46EA23196C3600EAA768 /* Base */,
			);
			name = Main.storyboard;
			sourceTree = "<group>";
		};
		994A46EE23196C3700EAA768 /* LaunchScreen.storyboard */ = {
			isa = PBXVariantGroup;
			children = (
				994A46EF23196C3700EAA768 /* Base */,
			);
			name = LaunchScreen.storyboard;
			sourceTree = "<group>";
		};
/* End PBXVariantGroup section */

/* Begin XCBuildConfiguration section */
		994A46FD23196C3700EAA768 /* Debug */ = {
			isa = XCBuildConfiguration;
			buildSettings = {
				ALWAYS_SEARCH_USER_PATHS = NO;
				CLANG_ANALYZER_NONNULL = YES;
				CLANG_ANALYZER_NUMBER_OBJECT_CONVERSION = YES_AGGRESSIVE;
				CLANG_CXX_LANGUAGE_STANDARD = "gnu++14";
				CLANG_CXX_LIBRARY = "libc++";
				CLANG_ENABLE_MODULES = YES;
				CLANG_ENABLE_OBJC_ARC = YES;
				CLANG_ENABLE_OBJC_WEAK = YES;
				CLANG_WARN_BLOCK_CAPTURE_AUTORELEASING = YES;
				CLANG_WARN_BOOL_CONVERSION = YES;
				CLANG_WARN_COMMA = YES;
				CLANG_WARN_CONSTANT_CONVERSION = YES;
				CLANG_WARN_DEPRECATED_OBJC_IMPLEMENTATIONS = YES;
				CLANG_WARN_DIRECT_OBJC_ISA_USAGE = YES_ERROR;
				CLANG_WARN_DOCUMENTATION_COMMENTS = YES;
				CLANG_WARN_EMPTY_BODY = YES;
				CLANG_WARN_ENUM_CONVERSION = YES;
				CLANG_WARN_INFINITE_RECURSION = YES;
				CLANG_WARN_INT_CONVERSION = YES;
				CLANG_WARN_NON_LITERAL_NULL_CONVERSION = YES;
				CLANG_WARN_OBJC_IMPLICIT_RETAIN_SELF = YES;
				CLANG_WARN_OBJC_LITERAL_CONVERSION = YES;
				CLANG_WARN_OBJC_ROOT_CLASS = YES_ERROR;
				CLANG_WARN_RANGE_LOOP_ANALYSIS = YES;
				CLANG_WARN_STRICT_PROTOTYPES = YES;
				CLANG_WARN_SUSPICIOUS_MOVE = YES;
				CLANG_WARN_UNGUARDED_AVAILABILITY = YES_AGGRESSIVE;
				CLANG_WARN_UNREACHABLE_CODE = YES;
				CLANG_WARN__DUPLICATE_METHOD_MATCH = YES;
				CODE_SIGN_IDENTITY = "iPhone Developer";
				COPY_PHASE_STRIP = NO;
				DEBUG_INFORMATION_FORMAT = dwarf;
				ENABLE_STRICT_OBJC_MSGSEND = YES;
				ENABLE_TESTABILITY = YES;
				GCC_C_LANGUAGE_STANDARD = gnu11;
				GCC_DYNAMIC_NO_PIC = NO;
				GCC_NO_COMMON_BLOCKS = YES;
				GCC_OPTIMIZATION_LEVEL = 0;
				GCC_PREPROCESSOR_DEFINITIONS = (
					"DEBUG=1",
					"$(inherited)",
				);
				GCC_WARN_64_TO_32_BIT_CONVERSION = YES;
				GCC_WARN_ABOUT_RETURN_TYPE = YES_ERROR;
				GCC_WARN_UNDECLARED_SELECTOR = YES;
				GCC_WARN_UNINITIALIZED_AUTOS = YES_AGGRESSIVE;
				GCC_WARN_UNUSED_FUNCTION = YES;
				GCC_WARN_UNUSED_VARIABLE = YES;
				IPHONEOS_DEPLOYMENT_TARGET = 12.4;
				MTL_ENABLE_DEBUG_INFO = INCLUDE_SOURCE;
				MTL_FAST_MATH = YES;
				ONLY_ACTIVE_ARCH = YES;
				SDKROOT = iphoneos;
				SWIFT_ACTIVE_COMPILATION_CONDITIONS = DEBUG;
				SWIFT_OPTIMIZATION_LEVEL = "-Onone";
			};
			name = Debug;
		};
		994A46FE23196C3700EAA768 /* Release */ = {
			isa = XCBuildConfiguration;
			buildSettings = {
				ALWAYS_SEARCH_USER_PATHS = NO;
				CLANG_ANALYZER_NONNULL = YES;
				CLANG_ANALYZER_NUMBER_OBJECT_CONVERSION = YES_AGGRESSIVE;
				CLANG_CXX_LANGUAGE_STANDARD = "gnu++14";
				CLANG_CXX_LIBRARY = "libc++";
				CLANG_ENABLE_MODULES = YES;
				CLANG_ENABLE_OBJC_ARC = YES;
				CLANG_ENABLE_OBJC_WEAK = YES;
				CLANG_WARN_BLOCK_CAPTURE_AUTORELEASING = YES;
				CLANG_WARN_BOOL_CONVERSION = YES;
				CLANG_WARN_COMMA = YES;
				CLANG_WARN_CONSTANT_CONVERSION = YES;
				CLANG_WARN_DEPRECATED_OBJC_IMPLEMENTATIONS = YES;
				CLANG_WARN_DIRECT_OBJC_ISA_USAGE = YES_ERROR;
				CLANG_WARN_DOCUMENTATION_COMMENTS = YES;
				CLANG_WARN_EMPTY_BODY = YES;
				CLANG_WARN_ENUM_CONVERSION = YES;
				CLANG_WARN_INFINITE_RECURSION = YES;
				CLANG_WARN_INT_CONVERSION = YES;
				CLANG_WARN_NON_LITERAL_NULL_CONVERSION = YES;
				CLANG_WARN_OBJC_IMPLICIT_RETAIN_SELF = YES;
				CLANG_WARN_OBJC_LITERAL_CONVERSION = YES;
				CLANG_WARN_OBJC_ROOT_CLASS = YES_ERROR;
				CLANG_WARN_RANGE_LOOP_ANALYSIS = YES;
				CLANG_WARN_STRICT_PROTOTYPES = YES;
				CLANG_WARN_SUSPICIOUS_MOVE = YES;
				CLANG_WARN_UNGUARDED_AVAILABILITY = YES_AGGRESSIVE;
				CLANG_WARN_UNREACHABLE_CODE = YES;
				CLANG_WARN__DUPLICATE_METHOD_MATCH = YES;
				CODE_SIGN_IDENTITY = "iPhone Developer";
				COPY_PHASE_STRIP = NO;
				DEBUG_INFORMATION_FORMAT = "dwarf-with-dsym";
				ENABLE_NS_ASSERTIONS = NO;
				ENABLE_STRICT_OBJC_MSGSEND = YES;
				GCC_C_LANGUAGE_STANDARD = gnu11;
				GCC_NO_COMMON_BLOCKS = YES;
				GCC_WARN_64_TO_32_BIT_CONVERSION = YES;
				GCC_WARN_ABOUT_RETURN_TYPE = YES_ERROR;
				GCC_WARN_UNDECLARED_SELECTOR = YES;
				GCC_WARN_UNINITIALIZED_AUTOS = YES_AGGRESSIVE;
				GCC_WARN_UNUSED_FUNCTION = YES;
				GCC_WARN_UNUSED_VARIABLE = YES;
				IPHONEOS_DEPLOYMENT_TARGET = 12.4;
				MTL_ENABLE_DEBUG_INFO = NO;
				MTL_FAST_MATH = YES;
				SDKROOT = iphoneos;
				SWIFT_COMPILATION_MODE = wholemodule;
				SWIFT_OPTIMIZATION_LEVEL = "-O";
				VALIDATE_PRODUCT = YES;
			};
			name = Release;
		};
		994A470023196C3700EAA768 /* Debug */ = {
			isa = XCBuildConfiguration;
			buildSettings = {
				ASSETCATALOG_COMPILER_APPICON_NAME = AppIcon;
				CODE_SIGN_STYLE = Automatic;
				DEVELOPMENT_TEAM = P8N8P57QSQ;
				INFOPLIST_FILE = "$(SRCROOT)/AppToTdd/Supporting Files/Info.plist";
				LD_RUNPATH_SEARCH_PATHS = (
					"$(inherited)",
					"@executable_path/Frameworks",
				);
				PRODUCT_BUNDLE_IDENTIFIER = fr.amgGauthier.AppToTdd;
				PRODUCT_NAME = "$(TARGET_NAME)";
				SWIFT_VERSION = 5.0;
				TARGETED_DEVICE_FAMILY = "1,2";
			};
			name = Debug;
		};
		994A470123196C3700EAA768 /* Release */ = {
			isa = XCBuildConfiguration;
			buildSettings = {
				ASSETCATALOG_COMPILER_APPICON_NAME = AppIcon;
				CODE_SIGN_STYLE = Automatic;
				DEVELOPMENT_TEAM = P8N8P57QSQ;
				INFOPLIST_FILE = "$(SRCROOT)/AppToTdd/Supporting Files/Info.plist";
				LD_RUNPATH_SEARCH_PATHS = (
					"$(inherited)",
					"@executable_path/Frameworks",
				);
				PRODUCT_BUNDLE_IDENTIFIER = fr.amgGauthier.AppToTdd;
				PRODUCT_NAME = "$(TARGET_NAME)";
				SWIFT_VERSION = 5.0;
				TARGETED_DEVICE_FAMILY = "1,2";
			};
			name = Release;
		};
		994A470323196C3700EAA768 /* Debug */ = {
			isa = XCBuildConfiguration;
			buildSettings = {
				ALWAYS_EMBED_SWIFT_STANDARD_LIBRARIES = YES;
				BUNDLE_LOADER = "$(TEST_HOST)";
				CODE_SIGN_STYLE = Automatic;
				DEVELOPMENT_TEAM = P8N8P57QSQ;
				INFOPLIST_FILE = AppToTddTests/Info.plist;
				LD_RUNPATH_SEARCH_PATHS = (
					"$(inherited)",
					"@executable_path/Frameworks",
					"@loader_path/Frameworks",
				);
				PRODUCT_BUNDLE_IDENTIFIER = fr.amgGauthier.AppToTddTests;
				PRODUCT_NAME = "$(TARGET_NAME)";
				SWIFT_VERSION = 5.0;
				TARGETED_DEVICE_FAMILY = "1,2";
				TEST_HOST = "$(BUILT_PRODUCTS_DIR)/AppToTdd.app/AppToTdd";
			};
			name = Debug;
		};
		994A470423196C3700EAA768 /* Release */ = {
			isa = XCBuildConfiguration;
			buildSettings = {
				ALWAYS_EMBED_SWIFT_STANDARD_LIBRARIES = YES;
				BUNDLE_LOADER = "$(TEST_HOST)";
				CODE_SIGN_STYLE = Automatic;
				DEVELOPMENT_TEAM = P8N8P57QSQ;
				INFOPLIST_FILE = AppToTddTests/Info.plist;
				LD_RUNPATH_SEARCH_PATHS = (
					"$(inherited)",
					"@executable_path/Frameworks",
					"@loader_path/Frameworks",
				);
				PRODUCT_BUNDLE_IDENTIFIER = fr.amgGauthier.AppToTddTests;
				PRODUCT_NAME = "$(TARGET_NAME)";
				SWIFT_VERSION = 5.0;
				TARGETED_DEVICE_FAMILY = "1,2";
				TEST_HOST = "$(BUILT_PRODUCTS_DIR)/AppToTdd.app/AppToTdd";
			};
			name = Release;
		};
/* End XCBuildConfiguration section */

/* Begin XCConfigurationList section */
		994A46DD23196C3600EAA768 /* Build configuration list for PBXProject "AppToTdd" */ = {
			isa = XCConfigurationList;
			buildConfigurations = (
				994A46FD23196C3700EAA768 /* Debug */,
				994A46FE23196C3700EAA768 /* Release */,
			);
			defaultConfigurationIsVisible = 0;
			defaultConfigurationName = Release;
		};
		994A46FF23196C3700EAA768 /* Build configuration list for PBXNativeTarget "AppToTdd" */ = {
			isa = XCConfigurationList;
			buildConfigurations = (
				994A470023196C3700EAA768 /* Debug */,
				994A470123196C3700EAA768 /* Release */,
			);
			defaultConfigurationIsVisible = 0;
			defaultConfigurationName = Release;
		};
		994A470223196C3700EAA768 /* Build configuration list for PBXNativeTarget "AppToTddTests" */ = {
			isa = XCConfigurationList;
			buildConfigurations = (
				994A470323196C3700EAA768 /* Debug */,
				994A470423196C3700EAA768 /* Release */,
			);
			defaultConfigurationIsVisible = 0;
			defaultConfigurationName = Release;
		};
/* End XCConfigurationList section */
	};
	rootObject = 994A46DA23196C3600EAA768 /* Project object */;
}
